
Microsoft Visual Studio Solution File, Format Version 12.00
# Visual Studio Version 17
VisualStudioVersion = 17.8.34601.278
MinimumVisualStudioVersion = 10.0.40219.1
Project("{FAE04EC0-301F-11D3-BF4B-00C04F79EFBC}") = "DataPassingTechniques", "DataPassingTechniques.csproj", "{B6295F30-52C5-4DC9-BFC6-203418399A29}"
EndProject
Global
	GlobalSection(SolutionConfigurationPlatforms) = preSolution
		Debug|Any CPU = Debug|Any CPU
		Release|Any CPU = Release|Any CPU
	EndGlobalSection
	GlobalSection(ProjectConfigurationPlatforms) = postSolution
		{B6295F30-52C5-4DC9-BFC6-203418399A29}.Debug|Any CPU.ActiveCfg = Debug|Any CPU
		{B6295F30-52C5-4DC9-BFC6-203418399A29}.Debug|Any CPU.Build.0 = Debug|Any CPU
		{B6295F30-52C5-4DC9-BFC6-203418399A29}.Release|Any CPU.ActiveCfg = Release|Any CPU
		{B6295F30-52C5-4DC9-BFC6-203418399A29}.Release|Any CPU.Build.0 = Release|Any CPU
	EndGlobalSection
	GlobalSection(SolutionProperties) = preSolution
		HideSolutionNode = FALSE
	EndGlobalSection
	GlobalSection(ExtensibilityGlobals) = postSolution
		SolutionGuid = {91020EA6-57C2-460D-8A31-ED436BF84E0F}
	EndGlobalSection
EndGlobal
